
Microsoft Visual Studio Solution File, Format Version 12.00
# Visual Studio Version 17
VisualStudioVersion = 17.4.33205.214
MinimumVisualStudioVersion = 10.0.40219.1
Project("{FAE04EC0-301F-11D3-BF4B-00C04F79EFBC}") = "Ejercicios.Ejercicio8", "Ejercicios.Ejercicio8\Ejercicios.Ejercicio8.csproj", "{F9861E7D-E596-4CA7-948E-20581170B4DD}"
EndProject
Global
	GlobalSection(SolutionConfigurationPlatforms) = preSolution
		Debug|Any CPU = Debug|Any CPU
		Release|Any CPU = Release|Any CPU
	EndGlobalSection
	GlobalSection(ProjectConfigurationPlatforms) = postSolution
		{F9861E7D-E596-4CA7-948E-20581170B4DD}.Debug|Any CPU.ActiveCfg = Debug|Any CPU
		{F9861E7D-E596-4CA7-948E-20581170B4DD}.Debug|Any CPU.Build.0 = Debug|Any CPU
		{F9861E7D-E596-4CA7-948E-20581170B4DD}.Release|Any CPU.ActiveCfg = Release|Any CPU
		{F9861E7D-E596-4CA7-948E-20581170B4DD}.Release|Any CPU.Build.0 = Release|Any CPU
	EndGlobalSection
	GlobalSection(SolutionProperties) = preSolution
		HideSolutionNode = FALSE
	EndGlobalSection
	GlobalSection(ExtensibilityGlobals) = postSolution
		SolutionGuid = {C0338BB0-E673-47D0-A725-24E4CF52F1B0}
	EndGlobalSection
EndGlobal
